
Microsoft Visual Studio Solution File, Format Version 12.00
# Visual Studio 14
VisualStudioVersion = 14.0.24627.0
MinimumVisualStudioVersion = 10.0.40219.1
Project("{FAE04EC0-301F-11D3-BF4B-00C04F79EFBC}") = "PlanMart", "PlanMart\PlanMart.csproj", "{18139AA4-27A7-4BA3-9676-B372EFB38734}"
EndProject
Project("{2150E333-8FDC-42A3-9474-1A3956D46DE8}") = "Solution Items", "Solution Items", "{EF2D9073-308E-422D-B072-13A2145FB281}"
	ProjectSection(SolutionItems) = preProject
		..\readme.md = ..\readme.md
	EndProjectSection
EndProject
Project("{FAE04EC0-301F-11D3-BF4B-00C04F79EFBC}") = "PlanMart.Tests", "PlanMart.Tests\PlanMart.Tests.csproj", "{019F446E-9EAB-4CE4-9ED7-E242CDEC7680}"
EndProject
Global
	GlobalSection(SolutionConfigurationPlatforms) = preSolution
		Debug|Any CPU = Debug|Any CPU
		Release|Any CPU = Release|Any CPU
	EndGlobalSection
	GlobalSection(ProjectConfigurationPlatforms) = postSolution
		{18139AA4-27A7-4BA3-9676-B372EFB38734}.Debug|Any CPU.ActiveCfg = Debug|Any CPU
		{18139AA4-27A7-4BA3-9676-B372EFB38734}.Debug|Any CPU.Build.0 = Debug|Any CPU
		{18139AA4-27A7-4BA3-9676-B372EFB38734}.Release|Any CPU.ActiveCfg = Release|Any CPU
		{18139AA4-27A7-4BA3-9676-B372EFB38734}.Release|Any CPU.Build.0 = Release|Any CPU
		{019F446E-9EAB-4CE4-9ED7-E242CDEC7680}.Debug|Any CPU.ActiveCfg = Debug|Any CPU
		{019F446E-9EAB-4CE4-9ED7-E242CDEC7680}.Debug|Any CPU.Build.0 = Debug|Any CPU
		{019F446E-9EAB-4CE4-9ED7-E242CDEC7680}.Release|Any CPU.ActiveCfg = Release|Any CPU
		{019F446E-9EAB-4CE4-9ED7-E242CDEC7680}.Release|Any CPU.Build.0 = Release|Any CPU
	EndGlobalSection
	GlobalSection(SolutionProperties) = preSolution
		HideSolutionNode = FALSE
	EndGlobalSection
EndGlobal
